{
  "name": "walletconnect-test",
  "version": "1.0.0",
  "lockfileVersion": 2,
  "requires": true,
  "packages": {
    "": {
      "version": "1.0.0",
      "license": "MIT",
      "dependencies": {
        "@walletconnect/client": "^1.4.1",
        "tslib": "^2.2.0"
      },
      "devDependencies": {
        "ts-node": "^9.1.1",
        "typescript": "^4.2.4"
      }
    },
    "node_modules/@json-rpc-tools/types": {
      "version": "1.7.2",
      "resolved": "https://registry.npmjs.org/@json-rpc-tools/types/-/types-1.7.2.tgz",
      "integrity": "sha512-PrR9NqzGTG0gWRUARa1SbPaQb1SNXv4dJMLp8lEmTNXWtEGS032m3qaWPwyhaqr6/ocpNxsrPra7KtKFzQgIoA==",
      "dependencies": {
        "keyvaluestorage-interface": "^1.0.0"
      }
    },
    "node_modules/@json-rpc-tools/utils": {
      "version": "1.6.1",
      "resolved": "https://registry.npmjs.org/@json-rpc-tools/utils/-/utils-1.6.1.tgz",
      "integrity": "sha512-cNwP4QapAls+xATU8zLLqPYa9qCbgwEyWEK7vE1oH91b3LfbUYwHtiWZ1+rv0X/mh/9cWNTo2Oi2Sah/QX0WwA==",
      "dependencies": {
        "@json-rpc-tools/types": "^1.6.1"
      }
    },
    "node_modules/@pedrouid/iso-crypto": {
      "version": "1.1.0",
      "resolved": "https://registry.npmjs.org/@pedrouid/iso-crypto/-/iso-crypto-1.1.0.tgz",
      "integrity": "sha512-twi+tW67XT0BSOv4rsegnGo4TQMhfFswS/GY3KhrjFiNw3z9x+cMkfO+itNe1JZghQxsxHuhifvfsnG814g1hQ==",
      "dependencies": {
        "@pedrouid/iso-random": "^1.1.0",
        "aes-js": "^3.1.2",
        "enc-utils": "^3.0.0",
        "hash.js": "^1.1.7"
      }
    },
    "node_modules/@pedrouid/iso-random": {
      "version": "1.1.0",
      "resolved": "https://registry.npmjs.org/@pedrouid/iso-random/-/iso-random-1.1.0.tgz",
      "integrity": "sha512-U8P2qdbvyU5aom0036dkpp0C9c8pgW1SNhAo8+zPDzgmKA58Hl6dc+ZkQXkE9aHrzN6v/0w+409JMjSYwx5tVw==",
      "dependencies": {
        "enc-utils": "^3.0.0",
        "randombytes": "^2.1.0"
      }
    },
    "node_modules/@walletconnect/browser-utils": {
      "version": "1.4.1",
      "resolved": "https://registry.npmjs.org/@walletconnect/browser-utils/-/browser-utils-1.4.1.tgz",
      "integrity": "sha512-ONrkPSI/27o1Wj8kUwE0uUZFk0GDCDQBJy614GsrhcwuQwJEW/B+nXPQ+Ca/4WvQySM5hWVHp1gO1kozSUkh3A==",
      "dependencies": {
        "@walletconnect/types": "^1.4.1",
        "detect-browser": "5.2.0",
        "safe-json-utils": "1.0.0",
        "window-getters": "1.0.0",
        "window-metadata": "1.0.0"
      }
    },
    "node_modules/@walletconnect/client": {
      "version": "1.4.1",
      "resolved": "https://registry.npmjs.org/@walletconnect/client/-/client-1.4.1.tgz",
      "integrity": "sha512-JRW+9+j9LwszY76/WcIumEiLmhX7eidorH9SFFmI2pFfbrhB6KLe87FaA106kxwZUyWKOLZ6jVV4d1urYSdEwA==",
      "dependencies": {
        "@walletconnect/core": "^1.4.1",
        "@walletconnect/iso-crypto": "^1.4.1",
        "@walletconnect/types": "^1.4.1",
        "@walletconnect/utils": "^1.4.1"
      }
    },
    "node_modules/@walletconnect/core": {
      "version": "1.4.1",
      "resolved": "https://registry.npmjs.org/@walletconnect/core/-/core-1.4.1.tgz",
      "integrity": "sha512-NzWvhk4akI2uhORUxMDMS/8yAdfp+nzvb5QdTE0eTD0WOrK16qAfYLSU/IjFc2J2lqhuPVxfO2XV7QoxgCXfwA==",
      "dependencies": {
        "@walletconnect/socket-transport": "^1.4.1",
        "@walletconnect/types": "^1.4.1",
        "@walletconnect/utils": "^1.4.1"
      }
    },
    "node_modules/@walletconnect/iso-crypto": {
      "version": "1.4.1",
      "resolved": "https://registry.npmjs.org/@walletconnect/iso-crypto/-/iso-crypto-1.4.1.tgz",
      "integrity": "sha512-rzfqM/DFhzNxBriMCU4DOarPkH+Brgll+2a2YeO6zHgMlwZtBKi5mMgzBwbDC3XygOvKbcRTB9G9hr8uYn+i5g==",
      "dependencies": {
        "@pedrouid/iso-crypto": "^1.0.0",
        "@walletconnect/types": "^1.4.1",
        "@walletconnect/utils": "^1.4.1"
      }
    },
    "node_modules/@walletconnect/socket-transport": {
      "version": "1.4.1",
      "resolved": "https://registry.npmjs.org/@walletconnect/socket-transport/-/socket-transport-1.4.1.tgz",
      "integrity": "sha512-/5Mhu4bu3tS52LqTlmmjx5x/N89XqbuT0YMobvQ+k/m+VqSeBDntqIjwBt7XiFlCbrUTq3/yTajavGFxWFB6pA==",
      "dependencies": {
        "@walletconnect/types": "^1.4.1",
        "@walletconnect/utils": "^1.4.1",
        "ws": "7.3.0"
      }
    },
    "node_modules/@walletconnect/types": {
      "version": "1.4.1",
      "resolved": "https://registry.npmjs.org/@walletconnect/types/-/types-1.4.1.tgz",
      "integrity": "sha512-lzS9NbXjVb5N+W/UnCZAflxjLtYepUi4ev1IeFozSvr/cWxAhEe/sjixe7WEIpYklW27kfBhKccMH/KjUoRC7w=="
    },
    "node_modules/@walletconnect/utils": {
      "version": "1.4.1",
      "resolved": "https://registry.npmjs.org/@walletconnect/utils/-/utils-1.4.1.tgz",
      "integrity": "sha512-JrVjcXmWVcU02fmVNZFBpJ48f84qyar24CF7szGv+k9ZxvU9J7XkM+Fic4790Dt3DaWhOzS9/eBUa+BEZcBbNw==",
      "dependencies": {
        "@json-rpc-tools/utils": "1.6.1",
        "@walletconnect/browser-utils": "^1.4.1",
        "@walletconnect/types": "^1.4.1",
        "bn.js": "4.11.8",
        "enc-utils": "3.0.0",
        "js-sha3": "0.8.0",
        "query-string": "6.13.5"
      }
    },
    "node_modules/aes-js": {
      "version": "3.1.2",
      "resolved": "https://registry.npmjs.org/aes-js/-/aes-js-3.1.2.tgz",
      "integrity": "sha512-e5pEa2kBnBOgR4Y/p20pskXI74UEz7de8ZGVo58asOtvSVG5YAbJeELPZxOmt+Bnz3rX753YKhfIn4X4l1PPRQ=="
    },
    "node_modules/arg": {
      "version": "4.1.3",
      "resolved": "https://registry.npmjs.org/arg/-/arg-4.1.3.tgz",
      "integrity": "sha512-58S9QDqG0Xx27YwPSt9fJxivjYl432YCwfDMfZ+71RAqUrZef7LrKQZ3LHLOwCS4FLNBplP533Zx895SeOCHvA==",
      "dev": true
    },
    "node_modules/bn.js": {
      "version": "4.11.8",
      "resolved": "https://registry.npmjs.org/bn.js/-/bn.js-4.11.8.tgz",
      "integrity": "sha512-ItfYfPLkWHUjckQCk8xC+LwxgK8NYcXywGigJgSwOP8Y2iyWT4f2vsZnoOXTTbo+o5yXmIUJ4gn5538SO5S3gA=="
    },
    "node_modules/buffer-from": {
      "version": "1.1.1",
      "resolved": "https://registry.npmjs.org/buffer-from/-/buffer-from-1.1.1.tgz",
      "integrity": "sha512-MQcXEUbCKtEo7bhqEs6560Hyd4XaovZlO/k9V3hjVUF/zwW7KBVdSK4gIt/bzwS9MbR5qob+F5jusZsb0YQK2A==",
      "dev": true
    },
    "node_modules/create-require": {
      "version": "1.1.1",
      "resolved": "https://registry.npmjs.org/create-require/-/create-require-1.1.1.tgz",
      "integrity": "sha512-dcKFX3jn0MpIaXjisoRvexIJVEKzaq7z2rZKxf+MSr9TkdmHmsU4m2lcLojrj/FHl8mk5VxMmYA+ftRkP/3oKQ==",
      "dev": true
    },
    "node_modules/decode-uri-component": {
      "version": "0.2.0",
      "resolved": "https://registry.npmjs.org/decode-uri-component/-/decode-uri-component-0.2.0.tgz",
      "integrity": "sha1-6zkTMzRYd1y4TNGh+uBiEGu4dUU=",
      "engines": {
        "node": ">=0.10"
      }
    },
    "node_modules/detect-browser": {
      "version": "5.2.0",
      "resolved": "https://registry.npmjs.org/detect-browser/-/detect-browser-5.2.0.tgz",
      "integrity": "sha512-tr7XntDAu50BVENgQfajMLzacmSe34D+qZc4zjnniz0ZVuw/TZcLcyxHQjYpJTM36sGEkZZlYLnIM1hH7alTMA=="
    },
    "node_modules/diff": {
      "version": "4.0.2",
      "resolved": "https://registry.npmjs.org/diff/-/diff-4.0.2.tgz",
      "integrity": "sha512-58lmxKSA4BNyLz+HHMUzlOEpg09FV+ev6ZMe3vJihgdxzgcwZ8VoEEPmALCZG9LmqfVoNMMKpttIYTVG6uDY7A==",
      "dev": true,
      "engines": {
        "node": ">=0.3.1"
      }
    },
    "node_modules/enc-utils": {
      "version": "3.0.0",
      "resolved": "https://registry.npmjs.org/enc-utils/-/enc-utils-3.0.0.tgz",
      "integrity": "sha512-e57t/Z2HzWOLwOp7DZcV0VMEY8t7ptWwsxyp6kM2b2zrk6JqIpXxzkruHAMiBsy5wg9jp/183GdiRXCvBtzsYg==",
      "dependencies": {
        "is-typedarray": "1.0.0",
        "typedarray-to-buffer": "3.1.5"
      }
    },
    "node_modules/hash.js": {
      "version": "1.1.7",
      "resolved": "https://registry.npmjs.org/hash.js/-/hash.js-1.1.7.tgz",
      "integrity": "sha512-taOaskGt4z4SOANNseOviYDvjEJinIkRgmp7LbKP2YTTmVxWBl87s/uzK9r+44BclBSp2X7K1hqeNfz9JbBeXA==",
      "dependencies": {
        "inherits": "^2.0.3",
        "minimalistic-assert": "^1.0.1"
      }
    },
    "node_modules/inherits": {
      "version": "2.0.4",
      "resolved": "https://registry.npmjs.org/inherits/-/inherits-2.0.4.tgz",
      "integrity": "sha512-k/vGaX4/Yla3WzyMCvTQOXYeIHvqOKtnqBduzTHpzpQZzAskKMhZ2K+EnBiSM9zGSoIFeMpXKxa4dYeZIQqewQ=="
    },
    "node_modules/is-typedarray": {
      "version": "1.0.0",
      "resolved": "https://registry.npmjs.org/is-typedarray/-/is-typedarray-1.0.0.tgz",
      "integrity": "sha1-5HnICFjfDBsR3dppQPlgEfzaSpo="
    },
    "node_modules/js-sha3": {
      "version": "0.8.0",
      "resolved": "https://registry.npmjs.org/js-sha3/-/js-sha3-0.8.0.tgz",
      "integrity": "sha512-gF1cRrHhIzNfToc802P800N8PpXS+evLLXfsVpowqmAFR9uwbi89WvXg2QspOmXL8QL86J4T1EpFu+yUkwJY3Q=="
    },
    "node_modules/keyvaluestorage-interface": {
      "version": "1.0.0",
      "resolved": "https://registry.npmjs.org/keyvaluestorage-interface/-/keyvaluestorage-interface-1.0.0.tgz",
      "integrity": "sha512-8t6Q3TclQ4uZynJY9IGr2+SsIGwK9JHcO6ootkHCGA0CrQCRy+VkouYNO2xicET6b9al7QKzpebNow+gkpCL8g=="
    },
    "node_modules/make-error": {
      "version": "1.3.6",
      "resolved": "https://registry.npmjs.org/make-error/-/make-error-1.3.6.tgz",
      "integrity": "sha512-s8UhlNe7vPKomQhC1qFelMokr/Sc3AgNbso3n74mVPA5LTZwkB9NlXf4XPamLxJE8h0gh73rM94xvwRT2CVInw==",
      "dev": true
    },
    "node_modules/minimalistic-assert": {
      "version": "1.0.1",
      "resolved": "https://registry.npmjs.org/minimalistic-assert/-/minimalistic-assert-1.0.1.tgz",
      "integrity": "sha512-UtJcAD4yEaGtjPezWuO9wC4nwUnVH/8/Im3yEHQP4b67cXlD/Qr9hdITCU1xDbSEXg2XKNaP8jsReV7vQd00/A=="
    },
    "node_modules/query-string": {
      "version": "6.13.5",
      "resolved": "https://registry.npmjs.org/query-string/-/query-string-6.13.5.tgz",
      "integrity": "sha512-svk3xg9qHR39P3JlHuD7g3nRnyay5mHbrPctEBDUxUkHRifPHXJDhBUycdCC0NBjXoDf44Gb+IsOZL1Uwn8M/Q==",
      "dependencies": {
        "decode-uri-component": "^0.2.0",
        "split-on-first": "^1.0.0",
        "strict-uri-encode": "^2.0.0"
      },
      "engines": {
        "node": ">=6"
      },
      "funding": {
        "url": "https://github.com/sponsors/sindresorhus"
      }
    },
    "node_modules/randombytes": {
      "version": "2.1.0",
      "resolved": "https://registry.npmjs.org/randombytes/-/randombytes-2.1.0.tgz",
      "integrity": "sha512-vYl3iOX+4CKUWuxGi9Ukhie6fsqXqS9FE2Zaic4tNFD2N2QQaXOMFbuKK4QmDHC0JO6B1Zp41J0LpT0oR68amQ==",
      "dependencies": {
        "safe-buffer": "^5.1.0"
      }
    },
    "node_modules/safe-buffer": {
      "version": "5.2.1",
      "resolved": "https://registry.npmjs.org/safe-buffer/-/safe-buffer-5.2.1.tgz",
      "integrity": "sha512-rp3So07KcdmmKbGvgaNxQSJr7bGVSVk5S9Eq1F+ppbRo70+YeaDxkw5Dd8NPN+GD6bjnYm2VuPuCXmpuYvmCXQ==",
      "funding": [
        {
          "type": "github",
          "url": "https://github.com/sponsors/feross"
        },
        {
          "type": "patreon",
          "url": "https://www.patreon.com/feross"
        },
        {
          "type": "consulting",
          "url": "https://feross.org/support"
        }
      ]
    },
    "node_modules/safe-json-utils": {
      "version": "1.0.0",
      "resolved": "https://registry.npmjs.org/safe-json-utils/-/safe-json-utils-1.0.0.tgz",
      "integrity": "sha512-n0hJm6BgX8wk3G+AS8MOQnfcA8dfE6ZMUfwkHUNx69YxPlU3HDaZTHXWto35Z+C4mOjK1odlT95WutkGC+0Idw=="
    },
    "node_modules/source-map": {
      "version": "0.6.1",
      "resolved": "https://registry.npmjs.org/source-map/-/source-map-0.6.1.tgz",
      "integrity": "sha512-UjgapumWlbMhkBgzT7Ykc5YXUT46F0iKu8SGXq0bcwP5dz/h0Plj6enJqjz1Zbq2l5WaqYnrVbwWOWMyF3F47g==",
      "dev": true,
      "engines": {
        "node": ">=0.10.0"
      }
    },
    "node_modules/source-map-support": {
      "version": "0.5.19",
      "resolved": "https://registry.npmjs.org/source-map-support/-/source-map-support-0.5.19.tgz",
      "integrity": "sha512-Wonm7zOCIJzBGQdB+thsPar0kYuCIzYvxZwlBa87yi/Mdjv7Tip2cyVbLj5o0cFPN4EVkuTwb3GDDyUx2DGnGw==",
      "dev": true,
      "dependencies": {
        "buffer-from": "^1.0.0",
        "source-map": "^0.6.0"
      }
    },
    "node_modules/split-on-first": {
      "version": "1.1.0",
      "resolved": "https://registry.npmjs.org/split-on-first/-/split-on-first-1.1.0.tgz",
      "integrity": "sha512-43ZssAJaMusuKWL8sKUBQXHWOpq8d6CfN/u1p4gUzfJkM05C8rxTmYrkIPTXapZpORA6LkkzcUulJ8FqA7Uudw==",
      "engines": {
        "node": ">=6"
      }
    },
    "node_modules/strict-uri-encode": {
      "version": "2.0.0",
      "resolved": "https://registry.npmjs.org/strict-uri-encode/-/strict-uri-encode-2.0.0.tgz",
      "integrity": "sha1-ucczDHBChi9rFC3CdLvMWGbONUY=",
      "engines": {
        "node": ">=4"
      }
    },
    "node_modules/ts-node": {
      "version": "9.1.1",
      "resolved": "https://registry.npmjs.org/ts-node/-/ts-node-9.1.1.tgz",
      "integrity": "sha512-hPlt7ZACERQGf03M253ytLY3dHbGNGrAq9qIHWUY9XHYl1z7wYngSr3OQ5xmui8o2AaxsONxIzjafLUiWBo1Fg==",
      "dev": true,
      "dependencies": {
        "arg": "^4.1.0",
        "create-require": "^1.1.0",
        "diff": "^4.0.1",
        "make-error": "^1.1.1",
        "source-map-support": "^0.5.17",
        "yn": "3.1.1"
      },
      "bin": {
        "ts-node": "dist/bin.js",
        "ts-node-script": "dist/bin-script.js",
        "ts-node-transpile-only": "dist/bin-transpile.js",
        "ts-script": "dist/bin-script-deprecated.js"
      },
      "engines": {
        "node": ">=10.0.0"
      },
      "peerDependencies": {
        "typescript": ">=2.7"
      }
    },
    "node_modules/tslib": {
      "version": "2.2.0",
      "resolved": "https://registry.npmjs.org/tslib/-/tslib-2.2.0.tgz",
      "integrity": "sha512-gS9GVHRU+RGn5KQM2rllAlR3dU6m7AcpJKdtH8gFvQiC4Otgk98XnmMU+nZenHt/+VhnBPWwgrJsyrdcw6i23w=="
    },
    "node_modules/typedarray-to-buffer": {
      "version": "3.1.5",
      "resolved": "https://registry.npmjs.org/typedarray-to-buffer/-/typedarray-to-buffer-3.1.5.tgz",
      "integrity": "sha512-zdu8XMNEDepKKR+XYOXAVPtWui0ly0NtohUscw+UmaHiAWT8hrV1rr//H6V+0DvJ3OQ19S979M0laLfX8rm82Q==",
      "dependencies": {
        "is-typedarray": "^1.0.0"
      }
    },
    "node_modules/typescript": {
      "version": "4.2.4",
      "resolved": "https://registry.npmjs.org/typescript/-/typescript-4.2.4.tgz",
      "integrity": "sha512-V+evlYHZnQkaz8TRBuxTA92yZBPotr5H+WhQ7bD3hZUndx5tGOa1fuCgeSjxAzM1RiN5IzvadIXTVefuuwZCRg==",
      "dev": true,
      "bin": {
        "tsc": "bin/tsc",
        "tsserver": "bin/tsserver"
      },
      "engines": {
        "node": ">=4.2.0"
      }
    },
    "node_modules/window-getters": {
      "version": "1.0.0",
      "resolved": "https://registry.npmjs.org/window-getters/-/window-getters-1.0.0.tgz",
      "integrity": "sha512-xyvEFq3x+7dCA7NFhqOmTMk0fPmmAzCUYL2svkw2LGBaXXQLRP0lFnfXHzysri9WZNMkzp/FD1u0w2Qc7Co+JA=="
    },
    "node_modules/window-metadata": {
      "version": "1.0.0",
      "resolved": "https://registry.npmjs.org/window-metadata/-/window-metadata-1.0.0.tgz",
      "integrity": "sha512-eYoXsZ9X4J+6xZgbHhNAatSR5bCtT409q8B+2Ol9ySx7qsdtgVZcNfox4qszFmKlGsFtT2b1Tcmcy69bRMObcg==",
      "dependencies": {
        "window-getters": "^1.0.0"
      }
    },
    "node_modules/ws": {
      "version": "7.3.0",
      "resolved": "https://registry.npmjs.org/ws/-/ws-7.3.0.tgz",
      "integrity": "sha512-iFtXzngZVXPGgpTlP1rBqsUK82p9tKqsWRPg5L56egiljujJT3vGAYnHANvFxBieXrTFavhzhxW52jnaWV+w2w==",
      "engines": {
        "node": ">=8.3.0"
      },
      "peerDependencies": {
        "bufferutil": "^4.0.1",
        "utf-8-validate": "^5.0.2"
      },
      "peerDependenciesMeta": {
        "bufferutil": {
          "optional": true
        },
        "utf-8-validate": {
          "optional": true
        }
      }
    },
    "node_modules/yn": {
      "version": "3.1.1",
      "resolved": "https://registry.npmjs.org/yn/-/yn-3.1.1.tgz",
      "integrity": "sha512-Ux4ygGWsu2c7isFWe8Yu1YluJmqVhxqK2cLXNQA5AcC3QfbGNpM7fu0Y8b/z16pXLnFxZYvWhd3fhBY9DLmC6Q==",
      "dev": true,
      "engines": {
        "node": ">=6"
      }
    }
  },
  "dependencies": {
    "@json-rpc-tools/types": {
      "version": "1.7.2",
      "resolved": "https://registry.npmjs.org/@json-rpc-tools/types/-/types-1.7.2.tgz",
      "integrity": "sha512-PrR9NqzGTG0gWRUARa1SbPaQb1SNXv4dJMLp8lEmTNXWtEGS032m3qaWPwyhaqr6/ocpNxsrPra7KtKFzQgIoA==",
      "requires": {
        "keyvaluestorage-interface": "^1.0.0"
      }
    },
    "@json-rpc-tools/utils": {
      "version": "1.6.1",
      "resolved": "https://registry.npmjs.org/@json-rpc-tools/utils/-/utils-1.6.1.tgz",
      "integrity": "sha512-cNwP4QapAls+xATU8zLLqPYa9qCbgwEyWEK7vE1oH91b3LfbUYwHtiWZ1+rv0X/mh/9cWNTo2Oi2Sah/QX0WwA==",
      "requires": {
        "@json-rpc-tools/types": "^1.6.1"
      }
    },
    "@pedrouid/iso-crypto": {
      "version": "1.1.0",
      "resolved": "https://registry.npmjs.org/@pedrouid/iso-crypto/-/iso-crypto-1.1.0.tgz",
      "integrity": "sha512-twi+tW67XT0BSOv4rsegnGo4TQMhfFswS/GY3KhrjFiNw3z9x+cMkfO+itNe1JZghQxsxHuhifvfsnG814g1hQ==",
      "requires": {
        "@pedrouid/iso-random": "^1.1.0",
        "aes-js": "^3.1.2",
        "enc-utils": "^3.0.0",
        "hash.js": "^1.1.7"
      }
    },
    "@pedrouid/iso-random": {
      "version": "1.1.0",
      "resolved": "https://registry.npmjs.org/@pedrouid/iso-random/-/iso-random-1.1.0.tgz",
      "integrity": "sha512-U8P2qdbvyU5aom0036dkpp0C9c8pgW1SNhAo8+zPDzgmKA58Hl6dc+ZkQXkE9aHrzN6v/0w+409JMjSYwx5tVw==",
      "requires": {
        "enc-utils": "^3.0.0",
        "randombytes": "^2.1.0"
      }
    },
    "@walletconnect/browser-utils": {
      "version": "1.4.1",
      "resolved": "https://registry.npmjs.org/@walletconnect/browser-utils/-/browser-utils-1.4.1.tgz",
      "integrity": "sha512-ONrkPSI/27o1Wj8kUwE0uUZFk0GDCDQBJy614GsrhcwuQwJEW/B+nXPQ+Ca/4WvQySM5hWVHp1gO1kozSUkh3A==",
      "requires": {
        "@walletconnect/types": "^1.4.1",
        "detect-browser": "5.2.0",
        "safe-json-utils": "1.0.0",
        "window-getters": "1.0.0",
        "window-metadata": "1.0.0"
      }
    },
    "@walletconnect/client": {
      "version": "1.4.1",
      "resolved": "https://registry.npmjs.org/@walletconnect/client/-/client-1.4.1.tgz",
      "integrity": "sha512-JRW+9+j9LwszY76/WcIumEiLmhX7eidorH9SFFmI2pFfbrhB6KLe87FaA106kxwZUyWKOLZ6jVV4d1urYSdEwA==",
      "requires": {
        "@walletconnect/core": "^1.4.1",
        "@walletconnect/iso-crypto": "^1.4.1",
        "@walletconnect/types": "^1.4.1",
        "@walletconnect/utils": "^1.4.1"
      }
    },
    "@walletconnect/core": {
      "version": "1.4.1",
      "resolved": "https://registry.npmjs.org/@walletconnect/core/-/core-1.4.1.tgz",
      "integrity": "sha512-NzWvhk4akI2uhORUxMDMS/8yAdfp+nzvb5QdTE0eTD0WOrK16qAfYLSU/IjFc2J2lqhuPVxfO2XV7QoxgCXfwA==",
      "requires": {
        "@walletconnect/socket-transport": "^1.4.1",
        "@walletconnect/types": "^1.4.1",
        "@walletconnect/utils": "^1.4.1"
      }
    },
    "@walletconnect/iso-crypto": {
      "version": "1.4.1",
      "resolved": "https://registry.npmjs.org/@walletconnect/iso-crypto/-/iso-crypto-1.4.1.tgz",
      "integrity": "sha512-rzfqM/DFhzNxBriMCU4DOarPkH+Brgll+2a2YeO6zHgMlwZtBKi5mMgzBwbDC3XygOvKbcRTB9G9hr8uYn+i5g==",
      "requires": {
        "@pedrouid/iso-crypto": "^1.0.0",
        "@walletconnect/types": "^1.4.1",
        "@walletconnect/utils": "^1.4.1"
      }
    },
    "@walletconnect/socket-transport": {
      "version": "1.4.1",
      "resolved": "https://registry.npmjs.org/@walletconnect/socket-transport/-/socket-transport-1.4.1.tgz",
      "integrity": "sha512-/5Mhu4bu3tS52LqTlmmjx5x/N89XqbuT0YMobvQ+k/m+VqSeBDntqIjwBt7XiFlCbrUTq3/yTajavGFxWFB6pA==",
      "requires": {
        "@walletconnect/types": "^1.4.1",
        "@walletconnect/utils": "^1.4.1",
        "ws": "7.3.0"
      }
    },
    "@walletconnect/types": {
      "version": "1.4.1",
      "resolved": "https://registry.npmjs.org/@walletconnect/types/-/types-1.4.1.tgz",
      "integrity": "sha512-lzS9NbXjVb5N+W/UnCZAflxjLtYepUi4ev1IeFozSvr/cWxAhEe/sjixe7WEIpYklW27kfBhKccMH/KjUoRC7w=="
    },
    "@walletconnect/utils": {
      "version": "1.4.1",
      "resolved": "https://registry.npmjs.org/@walletconnect/utils/-/utils-1.4.1.tgz",
      "integrity": "sha512-JrVjcXmWVcU02fmVNZFBpJ48f84qyar24CF7szGv+k9ZxvU9J7XkM+Fic4790Dt3DaWhOzS9/eBUa+BEZcBbNw==",
      "requires": {
        "@json-rpc-tools/utils": "1.6.1",
        "@walletconnect/browser-utils": "^1.4.1",
        "@walletconnect/types": "^1.4.1",
        "bn.js": "4.11.8",
        "enc-utils": "3.0.0",
        "js-sha3": "0.8.0",
        "query-string": "6.13.5"
      }
    },
    "aes-js": {
      "version": "3.1.2",
      "resolved": "https://registry.npmjs.org/aes-js/-/aes-js-3.1.2.tgz",
      "integrity": "sha512-e5pEa2kBnBOgR4Y/p20pskXI74UEz7de8ZGVo58asOtvSVG5YAbJeELPZxOmt+Bnz3rX753YKhfIn4X4l1PPRQ=="
    },
    "arg": {
      "version": "4.1.3",
      "resolved": "https://registry.npmjs.org/arg/-/arg-4.1.3.tgz",
      "integrity": "sha512-58S9QDqG0Xx27YwPSt9fJxivjYl432YCwfDMfZ+71RAqUrZef7LrKQZ3LHLOwCS4FLNBplP533Zx895SeOCHvA==",
      "dev": true
    },
    "bn.js": {
      "version": "4.11.8",
      "resolved": "https://registry.npmjs.org/bn.js/-/bn.js-4.11.8.tgz",
      "integrity": "sha512-ItfYfPLkWHUjckQCk8xC+LwxgK8NYcXywGigJgSwOP8Y2iyWT4f2vsZnoOXTTbo+o5yXmIUJ4gn5538SO5S3gA=="
    },
    "buffer-from": {
      "version": "1.1.1",
      "resolved": "https://registry.npmjs.org/buffer-from/-/buffer-from-1.1.1.tgz",
      "integrity": "sha512-MQcXEUbCKtEo7bhqEs6560Hyd4XaovZlO/k9V3hjVUF/zwW7KBVdSK4gIt/bzwS9MbR5qob+F5jusZsb0YQK2A==",
      "dev": true
    },
    "create-require": {
      "version": "1.1.1",
      "resolved": "https://registry.npmjs.org/create-require/-/create-require-1.1.1.tgz",
      "integrity": "sha512-dcKFX3jn0MpIaXjisoRvexIJVEKzaq7z2rZKxf+MSr9TkdmHmsU4m2lcLojrj/FHl8mk5VxMmYA+ftRkP/3oKQ==",
      "dev": true
    },
    "decode-uri-component": {
      "version": "0.2.0",
      "resolved": "https://registry.npmjs.org/decode-uri-component/-/decode-uri-component-0.2.0.tgz",
      "integrity": "sha1-6zkTMzRYd1y4TNGh+uBiEGu4dUU="
    },
    "detect-browser": {
      "version": "5.2.0",
      "resolved": "https://registry.npmjs.org/detect-browser/-/detect-browser-5.2.0.tgz",
      "integrity": "sha512-tr7XntDAu50BVENgQfajMLzacmSe34D+qZc4zjnniz0ZVuw/TZcLcyxHQjYpJTM36sGEkZZlYLnIM1hH7alTMA=="
    },
    "diff": {
      "version": "4.0.2",
      "resolved": "https://registry.npmjs.org/diff/-/diff-4.0.2.tgz",
      "integrity": "sha512-58lmxKSA4BNyLz+HHMUzlOEpg09FV+ev6ZMe3vJihgdxzgcwZ8VoEEPmALCZG9LmqfVoNMMKpttIYTVG6uDY7A==",
      "dev": true
    },
    "enc-utils": {
      "version": "3.0.0",
      "resolved": "https://registry.npmjs.org/enc-utils/-/enc-utils-3.0.0.tgz",
      "integrity": "sha512-e57t/Z2HzWOLwOp7DZcV0VMEY8t7ptWwsxyp6kM2b2zrk6JqIpXxzkruHAMiBsy5wg9jp/183GdiRXCvBtzsYg==",
      "requires": {
        "is-typedarray": "1.0.0",
        "typedarray-to-buffer": "3.1.5"
      }
    },
    "hash.js": {
      "version": "1.1.7",
      "resolved": "https://registry.npmjs.org/hash.js/-/hash.js-1.1.7.tgz",
      "integrity": "sha512-taOaskGt4z4SOANNseOviYDvjEJinIkRgmp7LbKP2YTTmVxWBl87s/uzK9r+44BclBSp2X7K1hqeNfz9JbBeXA==",
      "requires": {
        "inherits": "^2.0.3",
        "minimalistic-assert": "^1.0.1"
      }
    },
    "inherits": {
      "version": "2.0.4",
      "resolved": "https://registry.npmjs.org/inherits/-/inherits-2.0.4.tgz",
      "integrity": "sha512-k/vGaX4/Yla3WzyMCvTQOXYeIHvqOKtnqBduzTHpzpQZzAskKMhZ2K+EnBiSM9zGSoIFeMpXKxa4dYeZIQqewQ=="
    },
    "is-typedarray": {
      "version": "1.0.0",
      "resolved": "https://registry.npmjs.org/is-typedarray/-/is-typedarray-1.0.0.tgz",
      "integrity": "sha1-5HnICFjfDBsR3dppQPlgEfzaSpo="
    },
    "js-sha3": {
      "version": "0.8.0",
      "resolved": "https://registry.npmjs.org/js-sha3/-/js-sha3-0.8.0.tgz",
      "integrity": "sha512-gF1cRrHhIzNfToc802P800N8PpXS+evLLXfsVpowqmAFR9uwbi89WvXg2QspOmXL8QL86J4T1EpFu+yUkwJY3Q=="
    },
    "keyvaluestorage-interface": {
      "version": "1.0.0",
      "resolved": "https://registry.npmjs.org/keyvaluestorage-interface/-/keyvaluestorage-interface-1.0.0.tgz",
      "integrity": "sha512-8t6Q3TclQ4uZynJY9IGr2+SsIGwK9JHcO6ootkHCGA0CrQCRy+VkouYNO2xicET6b9al7QKzpebNow+gkpCL8g=="
    },
    "make-error": {
      "version": "1.3.6",
      "resolved": "https://registry.npmjs.org/make-error/-/make-error-1.3.6.tgz",
      "integrity": "sha512-s8UhlNe7vPKomQhC1qFelMokr/Sc3AgNbso3n74mVPA5LTZwkB9NlXf4XPamLxJE8h0gh73rM94xvwRT2CVInw==",
      "dev": true
    },
    "minimalistic-assert": {
      "version": "1.0.1",
      "resolved": "https://registry.npmjs.org/minimalistic-assert/-/minimalistic-assert-1.0.1.tgz",
      "integrity": "sha512-UtJcAD4yEaGtjPezWuO9wC4nwUnVH/8/Im3yEHQP4b67cXlD/Qr9hdITCU1xDbSEXg2XKNaP8jsReV7vQd00/A=="
    },
    "query-string": {
      "version": "6.13.5",
      "resolved": "https://registry.npmjs.org/query-string/-/query-string-6.13.5.tgz",
      "integrity": "sha512-svk3xg9qHR39P3JlHuD7g3nRnyay5mHbrPctEBDUxUkHRifPHXJDhBUycdCC0NBjXoDf44Gb+IsOZL1Uwn8M/Q==",
      "requires": {
        "decode-uri-component": "^0.2.0",
        "split-on-first": "^1.0.0",
        "strict-uri-encode": "^2.0.0"
      }
    },
    "randombytes": {
      "version": "2.1.0",
      "resolved": "https://registry.npmjs.org/randombytes/-/randombytes-2.1.0.tgz",
      "integrity": "sha512-vYl3iOX+4CKUWuxGi9Ukhie6fsqXqS9FE2Zaic4tNFD2N2QQaXOMFbuKK4QmDHC0JO6B1Zp41J0LpT0oR68amQ==",
      "requires": {
        "safe-buffer": "^5.1.0"
      }
    },
    "safe-buffer": {
      "version": "5.2.1",
      "resolved": "https://registry.npmjs.org/safe-buffer/-/safe-buffer-5.2.1.tgz",
      "integrity": "sha512-rp3So07KcdmmKbGvgaNxQSJr7bGVSVk5S9Eq1F+ppbRo70+YeaDxkw5Dd8NPN+GD6bjnYm2VuPuCXmpuYvmCXQ=="
    },
    "safe-json-utils": {
      "version": "1.0.0",
      "resolved": "https://registry.npmjs.org/safe-json-utils/-/safe-json-utils-1.0.0.tgz",
      "integrity": "sha512-n0hJm6BgX8wk3G+AS8MOQnfcA8dfE6ZMUfwkHUNx69YxPlU3HDaZTHXWto35Z+C4mOjK1odlT95WutkGC+0Idw=="
    },
    "source-map": {
      "version": "0.6.1",
      "resolved": "https://registry.npmjs.org/source-map/-/source-map-0.6.1.tgz",
      "integrity": "sha512-UjgapumWlbMhkBgzT7Ykc5YXUT46F0iKu8SGXq0bcwP5dz/h0Plj6enJqjz1Zbq2l5WaqYnrVbwWOWMyF3F47g==",
      "dev": true
    },
    "source-map-support": {
      "version": "0.5.19",
      "resolved": "https://registry.npmjs.org/source-map-support/-/source-map-support-0.5.19.tgz",
      "integrity": "sha512-Wonm7zOCIJzBGQdB+thsPar0kYuCIzYvxZwlBa87yi/Mdjv7Tip2cyVbLj5o0cFPN4EVkuTwb3GDDyUx2DGnGw==",
      "dev": true,
      "requires": {
        "buffer-from": "^1.0.0",
        "source-map": "^0.6.0"
      }
    },
    "split-on-first": {
      "version": "1.1.0",
      "resolved": "https://registry.npmjs.org/split-on-first/-/split-on-first-1.1.0.tgz",
      "integrity": "sha512-43ZssAJaMusuKWL8sKUBQXHWOpq8d6CfN/u1p4gUzfJkM05C8rxTmYrkIPTXapZpORA6LkkzcUulJ8FqA7Uudw=="
    },
    "strict-uri-encode": {
      "version": "2.0.0",
      "resolved": "https://registry.npmjs.org/strict-uri-encode/-/strict-uri-encode-2.0.0.tgz",
      "integrity": "sha1-ucczDHBChi9rFC3CdLvMWGbONUY="
    },
    "ts-node": {
      "version": "9.1.1",
      "resolved": "https://registry.npmjs.org/ts-node/-/ts-node-9.1.1.tgz",
      "integrity": "sha512-hPlt7ZACERQGf03M253ytLY3dHbGNGrAq9qIHWUY9XHYl1z7wYngSr3OQ5xmui8o2AaxsONxIzjafLUiWBo1Fg==",
      "dev": true,
      "requires": {
        "arg": "^4.1.0",
        "create-require": "^1.1.0",
        "diff": "^4.0.1",
        "make-error": "^1.1.1",
        "source-map-support": "^0.5.17",
        "yn": "3.1.1"
      }
    },
    "tslib": {
      "version": "2.2.0",
      "resolved": "https://registry.npmjs.org/tslib/-/tslib-2.2.0.tgz",
      "integrity": "sha512-gS9GVHRU+RGn5KQM2rllAlR3dU6m7AcpJKdtH8gFvQiC4Otgk98XnmMU+nZenHt/+VhnBPWwgrJsyrdcw6i23w=="
    },
    "typedarray-to-buffer": {
      "version": "3.1.5",
      "resolved": "https://registry.npmjs.org/typedarray-to-buffer/-/typedarray-to-buffer-3.1.5.tgz",
      "integrity": "sha512-zdu8XMNEDepKKR+XYOXAVPtWui0ly0NtohUscw+UmaHiAWT8hrV1rr//H6V+0DvJ3OQ19S979M0laLfX8rm82Q==",
      "requires": {
        "is-typedarray": "^1.0.0"
      }
    },
    "typescript": {
      "version": "4.2.4",
      "resolved": "https://registry.npmjs.org/typescript/-/typescript-4.2.4.tgz",
      "integrity": "sha512-V+evlYHZnQkaz8TRBuxTA92yZBPotr5H+WhQ7bD3hZUndx5tGOa1fuCgeSjxAzM1RiN5IzvadIXTVefuuwZCRg==",
      "dev": true
    },
    "window-getters": {
      "version": "1.0.0",
      "resolved": "https://registry.npmjs.org/window-getters/-/window-getters-1.0.0.tgz",
      "integrity": "sha512-xyvEFq3x+7dCA7NFhqOmTMk0fPmmAzCUYL2svkw2LGBaXXQLRP0lFnfXHzysri9WZNMkzp/FD1u0w2Qc7Co+JA=="
    },
    "window-metadata": {
      "version": "1.0.0",
      "resolved": "https://registry.npmjs.org/window-metadata/-/window-metadata-1.0.0.tgz",
      "integrity": "sha512-eYoXsZ9X4J+6xZgbHhNAatSR5bCtT409q8B+2Ol9ySx7qsdtgVZcNfox4qszFmKlGsFtT2b1Tcmcy69bRMObcg==",
      "requires": {
        "window-getters": "^1.0.0"
      }
    },
    "ws": {
      "version": "7.3.0",
      "resolved": "https://registry.npmjs.org/ws/-/ws-7.3.0.tgz",
      "integrity": "sha512-iFtXzngZVXPGgpTlP1rBqsUK82p9tKqsWRPg5L56egiljujJT3vGAYnHANvFxBieXrTFavhzhxW52jnaWV+w2w==",
      "requires": {}
    },
    "yn": {
      "version": "3.1.1",
      "resolved": "https://registry.npmjs.org/yn/-/yn-3.1.1.tgz",
      "integrity": "sha512-Ux4ygGWsu2c7isFWe8Yu1YluJmqVhxqK2cLXNQA5AcC3QfbGNpM7fu0Y8b/z16pXLnFxZYvWhd3fhBY9DLmC6Q==",
      "dev": true
    }
  }
}
